{
  "version": 4,
  "terraform_version": "1.5.7",
  "serial": 5,
  "lineage": "d5e62fb2-60ee-87b6-0e6f-80027013f695",
  "outputs": {
    "instances_ip": {
      "value": [
        {
          "devops-sf-manager": "178.154.230.148"
        },
        {
          "devops-sf-worker-1": "178.154.228.73"
        }
      ],
      "type": [
        "tuple",
        [
          [
            "object",
            {
              "devops-sf-manager": "string"
            }
          ],
          [
            "object",
            {
              "devops-sf-worker-1": "string"
            }
          ]
        ]
      ]
    }
  },
  "resources": [
    {
      "mode": "data",
      "type": "yandex_compute_image",
      "name": "ubuntu",
      "provider": "provider[\"registry.terraform.io/yandex-cloud/yandex\"]",
      "instances": [
        {
          "schema_version": 0,
          "attributes": {
            "created_at": "2024-05-13T13:36:10Z",
            "description": "ubuntu 22.04 lts",
            "family": "ubuntu-2204-lts",
            "folder_id": "standard-images",
            "id": "fd8idq8k33m9hlj0huli",
            "image_id": "fd8idq8k33m9hlj0huli",
            "labels": {},
            "min_disk_size": 8,
            "name": "ubuntu-22-04-lts-v20240513",
            "os_type": "linux",
            "pooled": true,
            "product_ids": [
              "f2emlhb7a7kk94gsfotj"
            ],
            "size": 7,
            "status": "ready"
          },
          "sensitive_attributes": []
        }
      ]
    },
    {
      "mode": "managed",
      "type": "yandex_compute_instance",
      "name": "vm",
      "provider": "provider[\"registry.terraform.io/yandex-cloud/yandex\"]",
      "instances": [
        {
          "index_key": 0,
          "schema_version": 1,
          "attributes": {
            "allow_recreate": null,
            "allow_stopping_for_update": true,
            "boot_disk": [
              {
                "auto_delete": true,
                "device_name": "fhmmeq036atsumeui24m",
                "disk_id": "fhmmeq036atsumeui24m",
                "initialize_params": [
                  {
                    "block_size": 4096,
                    "description": "",
                    "image_id": "fd8idq8k33m9hlj0huli",
                    "name": "",
                    "size": 18,
                    "snapshot_id": "",
                    "type": "network-ssd"
                  }
                ],
                "mode": "READ_WRITE"
              }
            ],
            "created_at": "2024-05-27T09:03:22Z",
            "description": "",
            "filesystem": [],
            "folder_id": "b1gts9m60ogqg42vocdj",
            "fqdn": "devops-sf-manager.ru-central1.internal",
            "gpu_cluster_id": "",
            "hostname": "devops-sf-manager",
            "id": "fhm1dlulogu61clvfpp1",
            "labels": null,
            "local_disk": [],
            "maintenance_grace_period": "",
            "maintenance_policy": null,
            "metadata": {
              "ssh_keys": "sennin:ssh-ed25519 AAAAC3NzaC1lZDI1NTE5AAAAIKCoWBFVSLmXYkGM4qXcVWR0eANPGHmYUNZ48ud6p4yB smakalis@gmail.com\n",
              "user-data": "#cloud-config\nssh_pwauth: no\nusers:\n  - name: sennin\n    groups: sudoers\n    shell: /bin/bash\n    sudo: ['ALL=(ALL) NOPASSWD:ALL']\n    lock_passwd: false\n    ssh_authorized_keys:\n      - ssh-ed25519 AAAAC3NzaC1lZDI1NTE5AAAAIKCoWBFVSLmXYkGM4qXcVWR0eANPGHmYUNZ48ud6p4yB smakalis@gmail.com\n\nruncmd: []"
            },
            "metadata_options": [
              {
                "aws_v1_http_endpoint": 1,
                "aws_v1_http_token": 2,
                "gce_http_endpoint": 1,
                "gce_http_token": 1
              }
            ],
            "name": "devops-sf-manager",
            "network_acceleration_type": "standard",
            "network_interface": [
              {
                "dns_record": [],
                "index": 0,
                "ip_address": "10.0.0.10",
                "ipv4": true,
                "ipv6": false,
                "ipv6_address": "",
                "ipv6_dns_record": [],
                "mac_address": "d0:0d:16:d7:d5:c4",
                "nat": true,
                "nat_dns_record": [],
                "nat_ip_address": "178.154.230.148",
                "nat_ip_version": "IPV4",
                "security_group_ids": [],
                "subnet_id": "e9b0fi7vsran0g6enbu8"
              }
            ],
            "placement_policy": [
              {
                "host_affinity_rules": [],
                "placement_group_id": "",
                "placement_group_partition": 0
              }
            ],
            "platform_id": "standard-v1",
            "resources": [
              {
                "core_fraction": 100,
                "cores": 2,
                "gpus": 0,
                "memory": 2
              }
            ],
            "scheduling_policy": [
              {
                "preemptible": true
              }
            ],
            "secondary_disk": [],
            "service_account_id": "",
            "status": "running",
            "timeouts": null,
            "zone": "ru-central1-a"
          },
          "sensitive_attributes": [],
          "private": "eyJlMmJmYjczMC1lY2FhLTExZTYtOGY4OC0zNDM2M2JjN2M0YzAiOnsiY3JlYXRlIjozMDAwMDAwMDAwMDAsImRlbGV0ZSI6MzAwMDAwMDAwMDAwLCJ1cGRhdGUiOjMwMDAwMDAwMDAwMH0sInNjaGVtYV92ZXJzaW9uIjoiMSJ9",
          "dependencies": [
            "data.yandex_compute_image.ubuntu",
            "yandex_vpc_network.sfnet",
            "yandex_vpc_subnet.sfnetsub"
          ]
        },
        {
          "index_key": 1,
          "schema_version": 1,
          "attributes": {
            "allow_recreate": null,
            "allow_stopping_for_update": true,
            "boot_disk": [
              {
                "auto_delete": true,
                "device_name": "fhmo3kqr34p28jum8oqo",
                "disk_id": "fhmo3kqr34p28jum8oqo",
                "initialize_params": [
                  {
                    "block_size": 4096,
                    "description": "",
                    "image_id": "fd8idq8k33m9hlj0huli",
                    "name": "",
                    "size": 18,
                    "snapshot_id": "",
                    "type": "network-ssd"
                  }
                ],
                "mode": "READ_WRITE"
              }
            ],
            "created_at": "2024-05-27T09:03:22Z",
            "description": "",
            "filesystem": [],
            "folder_id": "b1gts9m60ogqg42vocdj",
            "fqdn": "devops-sf-worker-1.ru-central1.internal",
            "gpu_cluster_id": "",
            "hostname": "devops-sf-worker-1",
            "id": "fhmp4gelij0vehccdm8i",
            "labels": null,
            "local_disk": [],
            "maintenance_grace_period": "",
            "maintenance_policy": null,
            "metadata": {
              "ssh_keys": "sennin:ssh-ed25519 AAAAC3NzaC1lZDI1NTE5AAAAIKCoWBFVSLmXYkGM4qXcVWR0eANPGHmYUNZ48ud6p4yB smakalis@gmail.com\n",
              "user-data": "#cloud-config\nssh_pwauth: no\nusers:\n  - name: sennin\n    groups: sudoers\n    shell: /bin/bash\n    sudo: ['ALL=(ALL) NOPASSWD:ALL']\n    lock_passwd: false\n    ssh_authorized_keys:\n      - ssh-ed25519 AAAAC3NzaC1lZDI1NTE5AAAAIKCoWBFVSLmXYkGM4qXcVWR0eANPGHmYUNZ48ud6p4yB smakalis@gmail.com\n\nruncmd: []"
            },
            "metadata_options": [
              {
                "aws_v1_http_endpoint": 1,
                "aws_v1_http_token": 2,
                "gce_http_endpoint": 1,
                "gce_http_token": 1
              }
            ],
            "name": "devops-sf-worker-1",
            "network_acceleration_type": "standard",
            "network_interface": [
              {
                "dns_record": [],
                "index": 0,
                "ip_address": "10.0.0.33",
                "ipv4": true,
                "ipv6": false,
                "ipv6_address": "",
                "ipv6_dns_record": [],
                "mac_address": "d0:0d:19:24:1d:59",
                "nat": true,
                "nat_dns_record": [],
                "nat_ip_address": "178.154.228.73",
                "nat_ip_version": "IPV4",
                "security_group_ids": [],
                "subnet_id": "e9b0fi7vsran0g6enbu8"
              }
            ],
            "placement_policy": [
              {
                "host_affinity_rules": [],
                "placement_group_id": "",
                "placement_group_partition": 0
              }
            ],
            "platform_id": "standard-v1",
            "resources": [
              {
                "core_fraction": 100,
                "cores": 2,
                "gpus": 0,
                "memory": 2
              }
            ],
            "scheduling_policy": [
              {
                "preemptible": true
              }
            ],
            "secondary_disk": [],
            "service_account_id": "",
            "status": "running",
            "timeouts": null,
            "zone": "ru-central1-a"
          },
          "sensitive_attributes": [],
          "private": "eyJlMmJmYjczMC1lY2FhLTExZTYtOGY4OC0zNDM2M2JjN2M0YzAiOnsiY3JlYXRlIjozMDAwMDAwMDAwMDAsImRlbGV0ZSI6MzAwMDAwMDAwMDAwLCJ1cGRhdGUiOjMwMDAwMDAwMDAwMH0sInNjaGVtYV92ZXJzaW9uIjoiMSJ9",
          "dependencies": [
            "data.yandex_compute_image.ubuntu",
            "yandex_vpc_network.sfnet",
            "yandex_vpc_subnet.sfnetsub"
          ]
        }
      ]
    },
    {
      "mode": "managed",
      "type": "yandex_vpc_network",
      "name": "sfnet",
      "provider": "provider[\"registry.terraform.io/yandex-cloud/yandex\"]",
      "instances": [
        {
          "schema_version": 0,
          "attributes": {
            "created_at": "2024-05-27T09:03:19Z",
            "default_security_group_id": "enp1fh0ine4ejlbkgqhv",
            "description": "",
            "folder_id": "b1gts9m60ogqg42vocdj",
            "id": "enp3797b7bj6872jmloq",
            "labels": {},
            "name": "sfnet",
            "subnet_ids": [],
            "timeouts": null
          },
          "sensitive_attributes": [],
          "private": "eyJlMmJmYjczMC1lY2FhLTExZTYtOGY4OC0zNDM2M2JjN2M0YzAiOnsiY3JlYXRlIjo2MDAwMDAwMDAwMCwiZGVsZXRlIjo2MDAwMDAwMDAwMCwidXBkYXRlIjo2MDAwMDAwMDAwMH19"
        }
      ]
    },
    {
      "mode": "managed",
      "type": "yandex_vpc_subnet",
      "name": "sfnetsub",
      "provider": "provider[\"registry.terraform.io/yandex-cloud/yandex\"]",
      "instances": [
        {
          "schema_version": 0,
          "attributes": {
            "created_at": "2024-05-27T09:03:21Z",
            "description": "",
            "dhcp_options": [],
            "folder_id": "b1gts9m60ogqg42vocdj",
            "id": "e9b0fi7vsran0g6enbu8",
            "labels": {},
            "name": "sfnetsub",
            "network_id": "enp3797b7bj6872jmloq",
            "route_table_id": "",
            "timeouts": null,
            "v4_cidr_blocks": [
              "10.0.0.0/24"
            ],
            "v6_cidr_blocks": [],
            "zone": "ru-central1-a"
          },
          "sensitive_attributes": [],
          "private": "eyJlMmJmYjczMC1lY2FhLTExZTYtOGY4OC0zNDM2M2JjN2M0YzAiOnsiY3JlYXRlIjoxODAwMDAwMDAwMDAsImRlbGV0ZSI6MTgwMDAwMDAwMDAwLCJ1cGRhdGUiOjE4MDAwMDAwMDAwMH19",
          "dependencies": [
            "yandex_vpc_network.sfnet"
          ]
        }
      ]
    }
  ],
  "check_results": null
}
